// !$*UTF8*$!
{
	archiveVersion = 1;
	classes = {
	};
	objectVersion = 77;
	objects = {

/* Begin PBXBuildFile section */
		1EE640ADAD45907BC5D0FB8D /* Pods_McccAlarm_Example.framework in Frameworks */ = {isa = PBXBuildFile; fileRef = A1B8BD7AE295C44699881308 /* Pods_McccAlarm_Example.framework */; };
		1FF53D2285DD7BD40527735C /* Pods_McccAlarmActivityExtension.framework in Frameworks */ = {isa = PBXBuildFile; fileRef = FF256116F3702D67F0130AFC /* Pods_McccAlarmActivityExtension.framework */; };
		607FACD61AFB9204008FA782 /* AppDelegate.swift in Sources */ = {isa = PBXBuildFile; fileRef = 607FACD51AFB9204008FA782 /* AppDelegate.swift */; };
		607FACDB1AFB9204008FA782 /* Main.storyboard in Resources */ = {isa = PBXBuildFile; fileRef = 607FACD91AFB9204008FA782 /* Main.storyboard */; };
		607FACDD1AFB9204008FA782 /* Images.xcassets in Resources */ = {isa = PBXBuildFile; fileRef = 607FACDC1AFB9204008FA782 /* Images.xcassets */; };
		607FACE01AFB9204008FA782 /* LaunchScreen.xib in Resources */ = {isa = PBXBuildFile; fileRef = 607FACDE1AFB9204008FA782 /* LaunchScreen.xib */; };
		607FACEC1AFB9204008FA782 /* Tests.swift in Sources */ = {isa = PBXBuildFile; fileRef = 607FACEB1AFB9204008FA782 /* Tests.swift */; };
		994DE5A22EAB1A0600525A90 /* ViewController+fixedSchedule.swift in Sources */ = {isa = PBXBuildFile; fileRef = 994DE5A12EAB1A0600525A90 /* ViewController+fixedSchedule.swift */; };
		994DE5B82EAB285700525A90 /* ViewController+McccAlarm.swift in Sources */ = {isa = PBXBuildFile; fileRef = 994DE5B72EAB285700525A90 /* ViewController+McccAlarm.swift */; };
		999A30222EA10E95002C18FD /* ViewController+Countdown.swift in Sources */ = {isa = PBXBuildFile; fileRef = 999A301D2EA10E95002C18FD /* ViewController+Countdown.swift */; };
		999A30232EA10E95002C18FD /* ViewController+Authorization.swift in Sources */ = {isa = PBXBuildFile; fileRef = 999A301F2EA10E95002C18FD /* ViewController+Authorization.swift */; };
		999A30242EA10E95002C18FD /* ViewController+Test.swift in Sources */ = {isa = PBXBuildFile; fileRef = 999A301E2EA10E95002C18FD /* ViewController+Test.swift */; };
		999A30252EA10E95002C18FD /* ViewController.swift in Sources */ = {isa = PBXBuildFile; fileRef = 999A301C2EA10E95002C18FD /* ViewController.swift */; };
		999A30292EA10FC6002C18FD /* UITableView+Reusable.swift in Sources */ = {isa = PBXBuildFile; fileRef = 999A30262EA10FC6002C18FD /* UITableView+Reusable.swift */; };
		999A302A2EA10FC6002C18FD /* ArraySafe.swift in Sources */ = {isa = PBXBuildFile; fileRef = 999A30272EA10FC6002C18FD /* ArraySafe.swift */; };
		999A30CD2EA22BD8002C18FD /* WidgetKit.framework in Frameworks */ = {isa = PBXBuildFile; fileRef = 999A30CC2EA22BD8002C18FD /* WidgetKit.framework */; };
		999A30CF2EA22BD8002C18FD /* SwiftUI.framework in Frameworks */ = {isa = PBXBuildFile; fileRef = 999A30CE2EA22BD8002C18FD /* SwiftUI.framework */; };
		999A30E02EA22BDA002C18FD /* McccAlarmActivityExtension.appex in Embed Foundation Extensions */ = {isa = PBXBuildFile; fileRef = 999A30CB2EA22BD8002C18FD /* McccAlarmActivityExtension.appex */; settings = {ATTRIBUTES = (RemoveHeadersOnCopy, ); }; };
		999A30EF2EA232A7002C18FD /* ViewController+Manage.swift in Sources */ = {isa = PBXBuildFile; fileRef = 999A30EE2EA232A7002C18FD /* ViewController+Manage.swift */; };
		999A31EF2EA5D77E002C18FD /* ViewController+Schedule.swift in Sources */ = {isa = PBXBuildFile; fileRef = 999A31EE2EA5D77E002C18FD /* ViewController+Schedule.swift */; };
		C7F24A473079D8E226503C73 /* Pods_McccAlarm_Tests.framework in Frameworks */ = {isa = PBXBuildFile; fileRef = B96DFAFA16A39896D26556D6 /* Pods_McccAlarm_Tests.framework */; };
/* End PBXBuildFile section */

/* Begin PBXContainerItemProxy section */
		607FACE61AFB9204008FA782 /* PBXContainerItemProxy */ = {
			isa = PBXContainerItemProxy;
			containerPortal = 607FACC81AFB9204008FA782 /* Project object */;
			proxyType = 1;
			remoteGlobalIDString = 607FACCF1AFB9204008FA782;
			remoteInfo = McccAlarm;
		};
		999A30DE2EA22BDA002C18FD /* PBXContainerItemProxy */ = {
			isa = PBXContainerItemProxy;
			containerPortal = 607FACC81AFB9204008FA782 /* Project object */;
			proxyType = 1;
			remoteGlobalIDString = 999A30CA2EA22BD8002C18FD;
			remoteInfo = McccAlarmActivityExtension;
		};
/* End PBXContainerItemProxy section */

/* Begin PBXCopyFilesBuildPhase section */
		999A30E12EA22BDA002C18FD /* Embed Foundation Extensions */ = {
			isa = PBXCopyFilesBuildPhase;
			buildActionMask = 2147483647;
			dstPath = "";
			dstSubfolderSpec = 13;
			files = (
				999A30E02EA22BDA002C18FD /* McccAlarmActivityExtension.appex in Embed Foundation Extensions */,
			);
			name = "Embed Foundation Extensions";
			runOnlyForDeploymentPostprocessing = 0;
		};
/* End PBXCopyFilesBuildPhase section */

/* Begin PBXFileReference section */
		00D7D7045A958197C74EF144 /* Pods-McccAlarm_Tests.debug.xcconfig */ = {isa = PBXFileReference; includeInIndex = 1; lastKnownFileType = text.xcconfig; name = "Pods-McccAlarm_Tests.debug.xcconfig"; path = "Target Support Files/Pods-McccAlarm_Tests/Pods-McccAlarm_Tests.debug.xcconfig"; sourceTree = "<group>"; };
		0A28FC0F6A1F8C304D04C34F /* Pods-McccAlarm_Example.debug.xcconfig */ = {isa = PBXFileReference; includeInIndex = 1; lastKnownFileType = text.xcconfig; name = "Pods-McccAlarm_Example.debug.xcconfig"; path = "Target Support Files/Pods-McccAlarm_Example/Pods-McccAlarm_Example.debug.xcconfig"; sourceTree = "<group>"; };
		480B9A1E91EA20F48A387B03 /* LICENSE */ = {isa = PBXFileReference; includeInIndex = 1; lastKnownFileType = text; name = LICENSE; path = ../LICENSE; sourceTree = "<group>"; };
		607FACD01AFB9204008FA782 /* McccAlarm_Example.app */ = {isa = PBXFileReference; explicitFileType = wrapper.application; includeInIndex = 0; path = McccAlarm_Example.app; sourceTree = BUILT_PRODUCTS_DIR; };
		607FACD41AFB9204008FA782 /* Info.plist */ = {isa = PBXFileReference; lastKnownFileType = text.plist.xml; path = Info.plist; sourceTree = "<group>"; };
		607FACD51AFB9204008FA782 /* AppDelegate.swift */ = {isa = PBXFileReference; lastKnownFileType = sourcecode.swift; path = AppDelegate.swift; sourceTree = "<group>"; };
		607FACDA1AFB9204008FA782 /* Base */ = {isa = PBXFileReference; lastKnownFileType = file.storyboard; name = Base; path = Base.lproj/Main.storyboard; sourceTree = "<group>"; };
		607FACDC1AFB9204008FA782 /* Images.xcassets */ = {isa = PBXFileReference; lastKnownFileType = folder.assetcatalog; path = Images.xcassets; sourceTree = "<group>"; };
		607FACDF1AFB9204008FA782 /* Base */ = {isa = PBXFileReference; lastKnownFileType = file.xib; name = Base; path = Base.lproj/LaunchScreen.xib; sourceTree = "<group>"; };
		607FACE51AFB9204008FA782 /* McccAlarm_Tests.xctest */ = {isa = PBXFileReference; explicitFileType = wrapper.cfbundle; includeInIndex = 0; path = McccAlarm_Tests.xctest; sourceTree = BUILT_PRODUCTS_DIR; };
		607FACEA1AFB9204008FA782 /* Info.plist */ = {isa = PBXFileReference; lastKnownFileType = text.plist.xml; path = Info.plist; sourceTree = "<group>"; };
		607FACEB1AFB9204008FA782 /* Tests.swift */ = {isa = PBXFileReference; lastKnownFileType = sourcecode.swift; path = Tests.swift; sourceTree = "<group>"; };
		81ACF19CD1305242E2E44A64 /* Pods-McccAlarm_Example.release.xcconfig */ = {isa = PBXFileReference; includeInIndex = 1; lastKnownFileType = text.xcconfig; name = "Pods-McccAlarm_Example.release.xcconfig"; path = "Target Support Files/Pods-McccAlarm_Example/Pods-McccAlarm_Example.release.xcconfig"; sourceTree = "<group>"; };
		81D9C93D4F884B611193711C /* Pods-McccAlarmActivityExtension.debug.xcconfig */ = {isa = PBXFileReference; includeInIndex = 1; lastKnownFileType = text.xcconfig; name = "Pods-McccAlarmActivityExtension.debug.xcconfig"; path = "Target Support Files/Pods-McccAlarmActivityExtension/Pods-McccAlarmActivityExtension.debug.xcconfig"; sourceTree = "<group>"; };
		994DE5A12EAB1A0600525A90 /* ViewController+fixedSchedule.swift */ = {isa = PBXFileReference; lastKnownFileType = sourcecode.swift; path = "ViewController+fixedSchedule.swift"; sourceTree = "<group>"; };
		994DE5B72EAB285700525A90 /* ViewController+McccAlarm.swift */ = {isa = PBXFileReference; lastKnownFileType = sourcecode.swift; path = "ViewController+McccAlarm.swift"; sourceTree = "<group>"; };
		999A301C2EA10E95002C18FD /* ViewController.swift */ = {isa = PBXFileReference; lastKnownFileType = sourcecode.swift; path = ViewController.swift; sourceTree = "<group>"; };
		999A301D2EA10E95002C18FD /* ViewController+Countdown.swift */ = {isa = PBXFileReference; lastKnownFileType = sourcecode.swift; path = "ViewController+Countdown.swift"; sourceTree = "<group>"; };
		999A301E2EA10E95002C18FD /* ViewController+Test.swift */ = {isa = PBXFileReference; lastKnownFileType = sourcecode.swift; path = "ViewController+Test.swift"; sourceTree = "<group>"; };
		999A301F2EA10E95002C18FD /* ViewController+Authorization.swift */ = {isa = PBXFileReference; lastKnownFileType = sourcecode.swift; path = "ViewController+Authorization.swift"; sourceTree = "<group>"; };
		999A30262EA10FC6002C18FD /* UITableView+Reusable.swift */ = {isa = PBXFileReference; lastKnownFileType = sourcecode.swift; path = "UITableView+Reusable.swift"; sourceTree = "<group>"; };
		999A30272EA10FC6002C18FD /* ArraySafe.swift */ = {isa = PBXFileReference; lastKnownFileType = sourcecode.swift; path = ArraySafe.swift; sourceTree = "<group>"; };
		999A30CB2EA22BD8002C18FD /* McccAlarmActivityExtension.appex */ = {isa = PBXFileReference; explicitFileType = "wrapper.app-extension"; includeInIndex = 0; path = McccAlarmActivityExtension.appex; sourceTree = BUILT_PRODUCTS_DIR; };
		999A30CC2EA22BD8002C18FD /* WidgetKit.framework */ = {isa = PBXFileReference; lastKnownFileType = wrapper.framework; name = WidgetKit.framework; path = System/Library/Frameworks/WidgetKit.framework; sourceTree = SDKROOT; };
		999A30CE2EA22BD8002C18FD /* SwiftUI.framework */ = {isa = PBXFileReference; lastKnownFileType = wrapper.framework; name = SwiftUI.framework; path = System/Library/Frameworks/SwiftUI.framework; sourceTree = SDKROOT; };
		999A30EE2EA232A7002C18FD /* ViewController+Manage.swift */ = {isa = PBXFileReference; lastKnownFileType = sourcecode.swift; path = "ViewController+Manage.swift"; sourceTree = "<group>"; };
		999A31EE2EA5D77E002C18FD /* ViewController+Schedule.swift */ = {isa = PBXFileReference; lastKnownFileType = sourcecode.swift; path = "ViewController+Schedule.swift"; sourceTree = "<group>"; };
		9FEC55C946E25DEF0D2BC3E1 /* Pods-McccAlarmActivityExtension.release.xcconfig */ = {isa = PBXFileReference; includeInIndex = 1; lastKnownFileType = text.xcconfig; name = "Pods-McccAlarmActivityExtension.release.xcconfig"; path = "Target Support Files/Pods-McccAlarmActivityExtension/Pods-McccAlarmActivityExtension.release.xcconfig"; sourceTree = "<group>"; };
		A1B8BD7AE295C44699881308 /* Pods_McccAlarm_Example.framework */ = {isa = PBXFileReference; explicitFileType = wrapper.framework; includeInIndex = 0; path = Pods_McccAlarm_Example.framework; sourceTree = BUILT_PRODUCTS_DIR; };
		B96DFAFA16A39896D26556D6 /* Pods_McccAlarm_Tests.framework */ = {isa = PBXFileReference; explicitFileType = wrapper.framework; includeInIndex = 0; path = Pods_McccAlarm_Tests.framework; sourceTree = BUILT_PRODUCTS_DIR; };
		C8C81DC6EE89805DC45DA0C7 /* README.md */ = {isa = PBXFileReference; includeInIndex = 1; lastKnownFileType = net.daringfireball.markdown; name = README.md; path = ../README.md; sourceTree = "<group>"; };
		CC7323A3D67BF0BEB934920B /* McccAlarm.podspec */ = {isa = PBXFileReference; includeInIndex = 1; lastKnownFileType = text; name = McccAlarm.podspec; path = ../McccAlarm.podspec; sourceTree = "<group>"; xcLanguageSpecificationIdentifier = xcode.lang.ruby; };
		D174FD391BF7CA30B1DB294C /* Pods-McccAlarm_Tests.release.xcconfig */ = {isa = PBXFileReference; includeInIndex = 1; lastKnownFileType = text.xcconfig; name = "Pods-McccAlarm_Tests.release.xcconfig"; path = "Target Support Files/Pods-McccAlarm_Tests/Pods-McccAlarm_Tests.release.xcconfig"; sourceTree = "<group>"; };
		FF256116F3702D67F0130AFC /* Pods_McccAlarmActivityExtension.framework */ = {isa = PBXFileReference; explicitFileType = wrapper.framework; includeInIndex = 0; path = Pods_McccAlarmActivityExtension.framework; sourceTree = BUILT_PRODUCTS_DIR; };
/* End PBXFileReference section */

/* Begin PBXFileSystemSynchronizedBuildFileExceptionSet section */
		999A30E42EA22BDA002C18FD /* Exceptions for "McccAlarmActivity" folder in "McccAlarmActivityExtension" target */ = {
			isa = PBXFileSystemSynchronizedBuildFileExceptionSet;
			membershipExceptions = (
				Info.plist,
			);
			target = 999A30CA2EA22BD8002C18FD /* McccAlarmActivityExtension */;
		};
/* End PBXFileSystemSynchronizedBuildFileExceptionSet section */

/* Begin PBXFileSystemSynchronizedRootGroup section */
		999A30D02EA22BD8002C18FD /* McccAlarmActivity */ = {
			isa = PBXFileSystemSynchronizedRootGroup;
			exceptions = (
				999A30E42EA22BDA002C18FD /* Exceptions for "McccAlarmActivity" folder in "McccAlarmActivityExtension" target */,
			);
			path = McccAlarmActivity;
			sourceTree = "<group>";
		};
/* End PBXFileSystemSynchronizedRootGroup section */

/* Begin PBXFrameworksBuildPhase section */
		607FACCD1AFB9204008FA782 /* Frameworks */ = {
			isa = PBXFrameworksBuildPhase;
			buildActionMask = 2147483647;
			files = (
				1EE640ADAD45907BC5D0FB8D /* Pods_McccAlarm_Example.framework in Frameworks */,
			);
			runOnlyForDeploymentPostprocessing = 0;
		};
		607FACE21AFB9204008FA782 /* Frameworks */ = {
			isa = PBXFrameworksBuildPhase;
			buildActionMask = 2147483647;
			files = (
				C7F24A473079D8E226503C73 /* Pods_McccAlarm_Tests.framework in Frameworks */,
			);
			runOnlyForDeploymentPostprocessing = 0;
		};
		999A30C82EA22BD8002C18FD /* Frameworks */ = {
			isa = PBXFrameworksBuildPhase;
			buildActionMask = 2147483647;
			files = (
				999A30CF2EA22BD8002C18FD /* SwiftUI.framework in Frameworks */,
				999A30CD2EA22BD8002C18FD /* WidgetKit.framework in Frameworks */,
				1FF53D2285DD7BD40527735C /* Pods_McccAlarmActivityExtension.framework in Frameworks */,
			);
			runOnlyForDeploymentPostprocessing = 0;
		};
/* End PBXFrameworksBuildPhase section */

/* Begin PBXGroup section */
		48A08C7D1A3D41E5F7B64E3C /* Frameworks */ = {
			isa = PBXGroup;
			children = (
				A1B8BD7AE295C44699881308 /* Pods_McccAlarm_Example.framework */,
				B96DFAFA16A39896D26556D6 /* Pods_McccAlarm_Tests.framework */,
				999A30CC2EA22BD8002C18FD /* WidgetKit.framework */,
				999A30CE2EA22BD8002C18FD /* SwiftUI.framework */,
				FF256116F3702D67F0130AFC /* Pods_McccAlarmActivityExtension.framework */,
			);
			name = Frameworks;
			sourceTree = "<group>";
		};
		607FACC71AFB9204008FA782 = {
			isa = PBXGroup;
			children = (
				607FACF51AFB993E008FA782 /* Podspec Metadata */,
				607FACD21AFB9204008FA782 /* Example for McccAlarm */,
				607FACE81AFB9204008FA782 /* Tests */,
				999A30D02EA22BD8002C18FD /* McccAlarmActivity */,
				607FACD11AFB9204008FA782 /* Products */,
				A7B726193A58DE69AF83DB8D /* Pods */,
				48A08C7D1A3D41E5F7B64E3C /* Frameworks */,
			);
			sourceTree = "<group>";
		};
		607FACD11AFB9204008FA782 /* Products */ = {
			isa = PBXGroup;
			children = (
				607FACD01AFB9204008FA782 /* McccAlarm_Example.app */,
				607FACE51AFB9204008FA782 /* McccAlarm_Tests.xctest */,
				999A30CB2EA22BD8002C18FD /* McccAlarmActivityExtension.appex */,
			);
			name = Products;
			sourceTree = "<group>";
		};
		607FACD21AFB9204008FA782 /* Example for McccAlarm */ = {
			isa = PBXGroup;
			children = (
				607FACD51AFB9204008FA782 /* AppDelegate.swift */,
				999A301C2EA10E95002C18FD /* ViewController.swift */,
				994DE5A12EAB1A0600525A90 /* ViewController+fixedSchedule.swift */,
				999A31EE2EA5D77E002C18FD /* ViewController+Schedule.swift */,
				999A30EE2EA232A7002C18FD /* ViewController+Manage.swift */,
				999A301D2EA10E95002C18FD /* ViewController+Countdown.swift */,
				994DE5B72EAB285700525A90 /* ViewController+McccAlarm.swift */,
				999A301E2EA10E95002C18FD /* ViewController+Test.swift */,
				999A301F2EA10E95002C18FD /* ViewController+Authorization.swift */,
				607FACD91AFB9204008FA782 /* Main.storyboard */,
				999A30282EA10FC6002C18FD /* Support */,
				607FACDC1AFB9204008FA782 /* Images.xcassets */,
				607FACDE1AFB9204008FA782 /* LaunchScreen.xib */,
				607FACD31AFB9204008FA782 /* Supporting Files */,
			);
			name = "Example for McccAlarm";
			path = McccAlarm;
			sourceTree = "<group>";
		};
		607FACD31AFB9204008FA782 /* Supporting Files */ = {
			isa = PBXGroup;
			children = (
				607FACD41AFB9204008FA782 /* Info.plist */,
			);
			name = "Supporting Files";
			sourceTree = "<group>";
		};
		607FACE81AFB9204008FA782 /* Tests */ = {
			isa = PBXGroup;
			children = (
				607FACEB1AFB9204008FA782 /* Tests.swift */,
				607FACE91AFB9204008FA782 /* Supporting Files */,
			);
			path = Tests;
			sourceTree = "<group>";
		};
		607FACE91AFB9204008FA782 /* Supporting Files */ = {
			isa = PBXGroup;
			children = (
				607FACEA1AFB9204008FA782 /* Info.plist */,
			);
			name = "Supporting Files";
			sourceTree = "<group>";
		};
		607FACF51AFB993E008FA782 /* Podspec Metadata */ = {
			isa = PBXGroup;
			children = (
				CC7323A3D67BF0BEB934920B /* McccAlarm.podspec */,
				C8C81DC6EE89805DC45DA0C7 /* README.md */,
				480B9A1E91EA20F48A387B03 /* LICENSE */,
			);
			name = "Podspec Metadata";
			sourceTree = "<group>";
		};
		999A30282EA10FC6002C18FD /* Support */ = {
			isa = PBXGroup;
			children = (
				999A30262EA10FC6002C18FD /* UITableView+Reusable.swift */,
				999A30272EA10FC6002C18FD /* ArraySafe.swift */,
			);
			path = Support;
			sourceTree = "<group>";
		};
		A7B726193A58DE69AF83DB8D /* Pods */ = {
			isa = PBXGroup;
			children = (
				0A28FC0F6A1F8C304D04C34F /* Pods-McccAlarm_Example.debug.xcconfig */,
				81ACF19CD1305242E2E44A64 /* Pods-McccAlarm_Example.release.xcconfig */,
				00D7D7045A958197C74EF144 /* Pods-McccAlarm_Tests.debug.xcconfig */,
				D174FD391BF7CA30B1DB294C /* Pods-McccAlarm_Tests.release.xcconfig */,
				81D9C93D4F884B611193711C /* Pods-McccAlarmActivityExtension.debug.xcconfig */,
				9FEC55C946E25DEF0D2BC3E1 /* Pods-McccAlarmActivityExtension.release.xcconfig */,
			);
			path = Pods;
			sourceTree = "<group>";
		};
/* End PBXGroup section */

/* Begin PBXNativeTarget section */
		607FACCF1AFB9204008FA782 /* McccAlarm_Example */ = {
			isa = PBXNativeTarget;
			buildConfigurationList = 607FACEF1AFB9204008FA782 /* Build configuration list for PBXNativeTarget "McccAlarm_Example" */;
			buildPhases = (
				A252409906A2AAE7833674EF /* [CP] Check Pods Manifest.lock */,
				607FACCC1AFB9204008FA782 /* Sources */,
				607FACCD1AFB9204008FA782 /* Frameworks */,
				607FACCE1AFB9204008FA782 /* Resources */,
				39A9898E7FDF9FA6A696C507 /* [CP] Embed Pods Frameworks */,
				999A30E12EA22BDA002C18FD /* Embed Foundation Extensions */,
			);
			buildRules = (
			);
			dependencies = (
				999A30DF2EA22BDA002C18FD /* PBXTargetDependency */,
			);
			name = McccAlarm_Example;
			productName = McccAlarm;
			productReference = 607FACD01AFB9204008FA782 /* McccAlarm_Example.app */;
			productType = "com.apple.product-type.application";
		};
		607FACE41AFB9204008FA782 /* McccAlarm_Tests */ = {
			isa = PBXNativeTarget;
			buildConfigurationList = 607FACF21AFB9204008FA782 /* Build configuration list for PBXNativeTarget "McccAlarm_Tests" */;
			buildPhases = (
				B725744E1870E7F42D5F5761 /* [CP] Check Pods Manifest.lock */,
				607FACE11AFB9204008FA782 /* Sources */,
				607FACE21AFB9204008FA782 /* Frameworks */,
				607FACE31AFB9204008FA782 /* Resources */,
			);
			buildRules = (
			);
			dependencies = (
				607FACE71AFB9204008FA782 /* PBXTargetDependency */,
			);
			name = McccAlarm_Tests;
			productName = Tests;
			productReference = 607FACE51AFB9204008FA782 /* McccAlarm_Tests.xctest */;
			productType = "com.apple.product-type.bundle.unit-test";
		};
		999A30CA2EA22BD8002C18FD /* McccAlarmActivityExtension */ = {
			isa = PBXNativeTarget;
			buildConfigurationList = 999A30E52EA22BDA002C18FD /* Build configuration list for PBXNativeTarget "McccAlarmActivityExtension" */;
			buildPhases = (
				CE923F962BC1042584E4D88C /* [CP] Check Pods Manifest.lock */,
				999A30C72EA22BD8002C18FD /* Sources */,
				999A30C82EA22BD8002C18FD /* Frameworks */,
				999A30C92EA22BD8002C18FD /* Resources */,
			);
			buildRules = (
			);
			dependencies = (
			);
			fileSystemSynchronizedGroups = (
				999A30D02EA22BD8002C18FD /* McccAlarmActivity */,
			);
			name = McccAlarmActivityExtension;
			productName = McccAlarmActivityExtension;
			productReference = 999A30CB2EA22BD8002C18FD /* McccAlarmActivityExtension.appex */;
			productType = "com.apple.product-type.app-extension";
		};
/* End PBXNativeTarget section */

/* Begin PBXProject section */
		607FACC81AFB9204008FA782 /* Project object */ = {
			isa = PBXProject;
			attributes = {
				LastSwiftUpdateCheck = 2600;
				LastUpgradeCheck = 0830;
				ORGANIZATIONNAME = CocoaPods;
				TargetAttributes = {
					607FACCF1AFB9204008FA782 = {
						CreatedOnToolsVersion = 6.3.1;
						DevelopmentTeam = XJ6YHRS6AW;
						LastSwiftMigration = 0900;
					};
					607FACE41AFB9204008FA782 = {
						CreatedOnToolsVersion = 6.3.1;
						DevelopmentTeam = XJ6YHRS6AW;
						LastSwiftMigration = 0900;
						TestTargetID = 607FACCF1AFB9204008FA782;
					};
					999A30CA2EA22BD8002C18FD = {
						CreatedOnToolsVersion = 26.0.1;
					};
				};
			};
			buildConfigurationList = 607FACCB1AFB9204008FA782 /* Build configuration list for PBXProject "McccAlarm" */;
			developmentRegion = English;
			hasScannedForEncodings = 0;
			knownRegions = (
				English,
				en,
				Base,
			);
			mainGroup = 607FACC71AFB9204008FA782;
			preferredProjectObjectVersion = 77;
			productRefGroup = 607FACD11AFB9204008FA782 /* Products */;
			projectDirPath = "";
			projectRoot = "";
			targets = (
				607FACCF1AFB9204008FA782 /* McccAlarm_Example */,
				607FACE41AFB9204008FA782 /* McccAlarm_Tests */,
				999A30CA2EA22BD8002C18FD /* McccAlarmActivityExtension */,
			);
		};
/* End PBXProject section */

/* Begin PBXResourcesBuildPhase section */
		607FACCE1AFB9204008FA782 /* Resources */ = {
			isa = PBXResourcesBuildPhase;
			buildActionMask = 2147483647;
			files = (
				607FACDB1AFB9204008FA782 /* Main.storyboard in Resources */,
				607FACE01AFB9204008FA782 /* LaunchScreen.xib in Resources */,
				607FACDD1AFB9204008FA782 /* Images.xcassets in Resources */,
			);
			runOnlyForDeploymentPostprocessing = 0;
		};
		607FACE31AFB9204008FA782 /* Resources */ = {
			isa = PBXResourcesBuildPhase;
			buildActionMask = 2147483647;
			files = (
			);
			runOnlyForDeploymentPostprocessing = 0;
		};
		999A30C92EA22BD8002C18FD /* Resources */ = {
			isa = PBXResourcesBuildPhase;
			buildActionMask = 2147483647;
			files = (
			);
			runOnlyForDeploymentPostprocessing = 0;
		};
/* End PBXResourcesBuildPhase section */

/* Begin PBXShellScriptBuildPhase section */
		39A9898E7FDF9FA6A696C507 /* [CP] Embed Pods Frameworks */ = {
			isa = PBXShellScriptBuildPhase;
			buildActionMask = 2147483647;
			files = (
			);
			inputFileListPaths = (
				"${PODS_ROOT}/Target Support Files/Pods-McccAlarm_Example/Pods-McccAlarm_Example-frameworks-${CONFIGURATION}-input-files.xcfilelist",
			);
			inputPaths = (
			);
			name = "[CP] Embed Pods Frameworks";
			outputFileListPaths = (
				"${PODS_ROOT}/Target Support Files/Pods-McccAlarm_Example/Pods-McccAlarm_Example-frameworks-${CONFIGURATION}-output-files.xcfilelist",
			);
			outputPaths = (
			);
			runOnlyForDeploymentPostprocessing = 0;
			shellPath = /bin/sh;
			shellScript = "\"${PODS_ROOT}/Target Support Files/Pods-McccAlarm_Example/Pods-McccAlarm_Example-frameworks.sh\"\n";
			showEnvVarsInLog = 0;
		};
		A252409906A2AAE7833674EF /* [CP] Check Pods Manifest.lock */ = {
			isa = PBXShellScriptBuildPhase;
			buildActionMask = 2147483647;
			files = (
			);
			inputFileListPaths = (
			);
			inputPaths = (
				"${PODS_PODFILE_DIR_PATH}/Podfile.lock",
				"${PODS_ROOT}/Manifest.lock",
			);
			name = "[CP] Check Pods Manifest.lock";
			outputFileListPaths = (
			);
			outputPaths = (
				"$(DERIVED_FILE_DIR)/Pods-McccAlarm_Example-checkManifestLockResult.txt",
			);
			runOnlyForDeploymentPostprocessing = 0;
			shellPath = /bin/sh;
			shellScript = "diff \"${PODS_PODFILE_DIR_PATH}/Podfile.lock\" \"${PODS_ROOT}/Manifest.lock\" > /dev/null\nif [ $? != 0 ] ; then\n    # print error to STDERR\n    echo \"error: The sandbox is not in sync with the Podfile.lock. Run 'pod install' or update your CocoaPods installation.\" >&2\n    exit 1\nfi\n# This output is used by Xcode 'outputs' to avoid re-running this script phase.\necho \"SUCCESS\" > \"${SCRIPT_OUTPUT_FILE_0}\"\n";
			showEnvVarsInLog = 0;
		};
		B725744E1870E7F42D5F5761 /* [CP] Check Pods Manifest.lock */ = {
			isa = PBXShellScriptBuildPhase;
			buildActionMask = 2147483647;
			files = (
			);
			inputFileListPaths = (
			);
			inputPaths = (
				"${PODS_PODFILE_DIR_PATH}/Podfile.lock",
				"${PODS_ROOT}/Manifest.lock",
			);
			name = "[CP] Check Pods Manifest.lock";
			outputFileListPaths = (
			);
			outputPaths = (
				"$(DERIVED_FILE_DIR)/Pods-McccAlarm_Tests-checkManifestLockResult.txt",
			);
			runOnlyForDeploymentPostprocessing = 0;
			shellPath = /bin/sh;
			shellScript = "diff \"${PODS_PODFILE_DIR_PATH}/Podfile.lock\" \"${PODS_ROOT}/Manifest.lock\" > /dev/null\nif [ $? != 0 ] ; then\n    # print error to STDERR\n    echo \"error: The sandbox is not in sync with the Podfile.lock. Run 'pod install' or update your CocoaPods installation.\" >&2\n    exit 1\nfi\n# This output is used by Xcode 'outputs' to avoid re-running this script phase.\necho \"SUCCESS\" > \"${SCRIPT_OUTPUT_FILE_0}\"\n";
			showEnvVarsInLog = 0;
		};
		CE923F962BC1042584E4D88C /* [CP] Check Pods Manifest.lock */ = {
			isa = PBXShellScriptBuildPhase;
			buildActionMask = 2147483647;
			files = (
			);
			inputFileListPaths = (
			);
			inputPaths = (
				"${PODS_PODFILE_DIR_PATH}/Podfile.lock",
				"${PODS_ROOT}/Manifest.lock",
			);
			name = "[CP] Check Pods Manifest.lock";
			outputFileListPaths = (
			);
			outputPaths = (
				"$(DERIVED_FILE_DIR)/Pods-McccAlarmActivityExtension-checkManifestLockResult.txt",
			);
			runOnlyForDeploymentPostprocessing = 0;
			shellPath = /bin/sh;
			shellScript = "diff \"${PODS_PODFILE_DIR_PATH}/Podfile.lock\" \"${PODS_ROOT}/Manifest.lock\" > /dev/null\nif [ $? != 0 ] ; then\n    # print error to STDERR\n    echo \"error: The sandbox is not in sync with the Podfile.lock. Run 'pod install' or update your CocoaPods installation.\" >&2\n    exit 1\nfi\n# This output is used by Xcode 'outputs' to avoid re-running this script phase.\necho \"SUCCESS\" > \"${SCRIPT_OUTPUT_FILE_0}\"\n";
			showEnvVarsInLog = 0;
		};
/* End PBXShellScriptBuildPhase section */

/* Begin PBXSourcesBuildPhase section */
		607FACCC1AFB9204008FA782 /* Sources */ = {
			isa = PBXSourcesBuildPhase;
			buildActionMask = 2147483647;
			files = (
				999A30222EA10E95002C18FD /* ViewController+Countdown.swift in Sources */,
				999A30EF2EA232A7002C18FD /* ViewController+Manage.swift in Sources */,
				999A30232EA10E95002C18FD /* ViewController+Authorization.swift in Sources */,
				994DE5A22EAB1A0600525A90 /* ViewController+fixedSchedule.swift in Sources */,
				994DE5B82EAB285700525A90 /* ViewController+McccAlarm.swift in Sources */,
				999A30242EA10E95002C18FD /* ViewController+Test.swift in Sources */,
				999A30252EA10E95002C18FD /* ViewController.swift in Sources */,
				999A30292EA10FC6002C18FD /* UITableView+Reusable.swift in Sources */,
				999A302A2EA10FC6002C18FD /* ArraySafe.swift in Sources */,
				607FACD61AFB9204008FA782 /* AppDelegate.swift in Sources */,
				999A31EF2EA5D77E002C18FD /* ViewController+Schedule.swift in Sources */,
			);
			runOnlyForDeploymentPostprocessing = 0;
		};
		607FACE11AFB9204008FA782 /* Sources */ = {
			isa = PBXSourcesBuildPhase;
			buildActionMask = 2147483647;
			files = (
				607FACEC1AFB9204008FA782 /* Tests.swift in Sources */,
			);
			runOnlyForDeploymentPostprocessing = 0;
		};
		999A30C72EA22BD8002C18FD /* Sources */ = {
			isa = PBXSourcesBuildPhase;
			buildActionMask = 2147483647;
			files = (
			);
			runOnlyForDeploymentPostprocessing = 0;
		};
/* End PBXSourcesBuildPhase section */

/* Begin PBXTargetDependency section */
		607FACE71AFB9204008FA782 /* PBXTargetDependency */ = {
			isa = PBXTargetDependency;
			target = 607FACCF1AFB9204008FA782 /* McccAlarm_Example */;
			targetProxy = 607FACE61AFB9204008FA782 /* PBXContainerItemProxy */;
		};
		999A30DF2EA22BDA002C18FD /* PBXTargetDependency */ = {
			isa = PBXTargetDependency;
			target = 999A30CA2EA22BD8002C18FD /* McccAlarmActivityExtension */;
			targetProxy = 999A30DE2EA22BDA002C18FD /* PBXContainerItemProxy */;
		};
/* End PBXTargetDependency section */

/* Begin PBXVariantGroup section */
		607FACD91AFB9204008FA782 /* Main.storyboard */ = {
			isa = PBXVariantGroup;
			children = (
				607FACDA1AFB9204008FA782 /* Base */,
			);
			name = Main.storyboard;
			sourceTree = "<group>";
		};
		607FACDE1AFB9204008FA782 /* LaunchScreen.xib */ = {
			isa = PBXVariantGroup;
			children = (
				607FACDF1AFB9204008FA782 /* Base */,
			);
			name = LaunchScreen.xib;
			sourceTree = "<group>";
		};
/* End PBXVariantGroup section */

/* Begin XCBuildConfiguration section */
		607FACED1AFB9204008FA782 /* Debug */ = {
			isa = XCBuildConfiguration;
			buildSettings = {
				ALWAYS_SEARCH_USER_PATHS = NO;
				CLANG_CXX_LANGUAGE_STANDARD = "gnu++0x";
				CLANG_CXX_LIBRARY = "libc++";
				CLANG_ENABLE_MODULES = YES;
				CLANG_ENABLE_OBJC_ARC = YES;
				CLANG_WARN_BLOCK_CAPTURE_AUTORELEASING = YES;
				CLANG_WARN_BOOL_CONVERSION = YES;
				CLANG_WARN_COMMA = YES;
				CLANG_WARN_CONSTANT_CONVERSION = YES;
				CLANG_WARN_DIRECT_OBJC_ISA_USAGE = YES_ERROR;
				CLANG_WARN_EMPTY_BODY = YES;
				CLANG_WARN_ENUM_CONVERSION = YES;
				CLANG_WARN_INFINITE_RECURSION = YES;
				CLANG_WARN_INT_CONVERSION = YES;
				CLANG_WARN_NON_LITERAL_NULL_CONVERSION = YES;
				CLANG_WARN_OBJC_LITERAL_CONVERSION = YES;
				CLANG_WARN_OBJC_ROOT_CLASS = YES_ERROR;
				CLANG_WARN_RANGE_LOOP_ANALYSIS = YES;
				CLANG_WARN_STRICT_PROTOTYPES = YES;
				CLANG_WARN_SUSPICIOUS_MOVE = YES;
				CLANG_WARN_UNREACHABLE_CODE = YES;
				CLANG_WARN__DUPLICATE_METHOD_MATCH = YES;
				"CODE_SIGN_IDENTITY[sdk=iphoneos*]" = "iPhone Developer";
				COPY_PHASE_STRIP = NO;
				DEBUG_INFORMATION_FORMAT = "dwarf-with-dsym";
				ENABLE_STRICT_OBJC_MSGSEND = YES;
				ENABLE_TESTABILITY = YES;
				GCC_C_LANGUAGE_STANDARD = gnu99;
				GCC_DYNAMIC_NO_PIC = NO;
				GCC_NO_COMMON_BLOCKS = YES;
				GCC_OPTIMIZATION_LEVEL = 0;
				GCC_PREPROCESSOR_DEFINITIONS = (
					"DEBUG=1",
					"$(inherited)",
				);
				GCC_SYMBOLS_PRIVATE_EXTERN = NO;
				GCC_WARN_64_TO_32_BIT_CONVERSION = YES;
				GCC_WARN_ABOUT_RETURN_TYPE = YES_ERROR;
				GCC_WARN_UNDECLARED_SELECTOR = YES;
				GCC_WARN_UNINITIALIZED_AUTOS = YES_AGGRESSIVE;
				GCC_WARN_UNUSED_FUNCTION = YES;
				GCC_WARN_UNUSED_VARIABLE = YES;
				IPHONEOS_DEPLOYMENT_TARGET = 9.3;
				MTL_ENABLE_DEBUG_INFO = YES;
				ONLY_ACTIVE_ARCH = YES;
				SDKROOT = iphoneos;
				SWIFT_OPTIMIZATION_LEVEL = "-Onone";
			};
			name = Debug;
		};
		607FACEE1AFB9204008FA782 /* Release */ = {
			isa = XCBuildConfiguration;
			buildSettings = {
				ALWAYS_SEARCH_USER_PATHS = NO;
				CLANG_CXX_LANGUAGE_STANDARD = "gnu++0x";
				CLANG_CXX_LIBRARY = "libc++";
				CLANG_ENABLE_MODULES = YES;
				CLANG_ENABLE_OBJC_ARC = YES;
				CLANG_WARN_BLOCK_CAPTURE_AUTORELEASING = YES;
				CLANG_WARN_BOOL_CONVERSION = YES;
				CLANG_WARN_COMMA = YES;
				CLANG_WARN_CONSTANT_CONVERSION = YES;
				CLANG_WARN_DIRECT_OBJC_ISA_USAGE = YES_ERROR;
				CLANG_WARN_EMPTY_BODY = YES;
				CLANG_WARN_ENUM_CONVERSION = YES;
				CLANG_WARN_INFINITE_RECURSION = YES;
				CLANG_WARN_INT_CONVERSION = YES;
				CLANG_WARN_NON_LITERAL_NULL_CONVERSION = YES;
				CLANG_WARN_OBJC_LITERAL_CONVERSION = YES;
				CLANG_WARN_OBJC_ROOT_CLASS = YES_ERROR;
				CLANG_WARN_RANGE_LOOP_ANALYSIS = YES;
				CLANG_WARN_STRICT_PROTOTYPES = YES;
				CLANG_WARN_SUSPICIOUS_MOVE = YES;
				CLANG_WARN_UNREACHABLE_CODE = YES;
				CLANG_WARN__DUPLICATE_METHOD_MATCH = YES;
				"CODE_SIGN_IDENTITY[sdk=iphoneos*]" = "iPhone Developer";
				COPY_PHASE_STRIP = NO;
				DEBUG_INFORMATION_FORMAT = "dwarf-with-dsym";
				ENABLE_NS_ASSERTIONS = NO;
				ENABLE_STRICT_OBJC_MSGSEND = YES;
				GCC_C_LANGUAGE_STANDARD = gnu99;
				GCC_NO_COMMON_BLOCKS = YES;
				GCC_WARN_64_TO_32_BIT_CONVERSION = YES;
				GCC_WARN_ABOUT_RETURN_TYPE = YES_ERROR;
				GCC_WARN_UNDECLARED_SELECTOR = YES;
				GCC_WARN_UNINITIALIZED_AUTOS = YES_AGGRESSIVE;
				GCC_WARN_UNUSED_FUNCTION = YES;
				GCC_WARN_UNUSED_VARIABLE = YES;
				IPHONEOS_DEPLOYMENT_TARGET = 9.3;
				MTL_ENABLE_DEBUG_INFO = NO;
				SDKROOT = iphoneos;
				SWIFT_COMPILATION_MODE = wholemodule;
				SWIFT_OPTIMIZATION_LEVEL = "-O";
				VALIDATE_PRODUCT = YES;
			};
			name = Release;
		};
		607FACF01AFB9204008FA782 /* Debug */ = {
			isa = XCBuildConfiguration;
			baseConfigurationReference = 0A28FC0F6A1F8C304D04C34F /* Pods-McccAlarm_Example.debug.xcconfig */;
			buildSettings = {
				ASSETCATALOG_COMPILER_APPICON_NAME = AppIcon;
				DEVELOPMENT_TEAM = XJ6YHRS6AW;
				INFOPLIST_FILE = McccAlarm/Info.plist;
				IPHONEOS_DEPLOYMENT_TARGET = 26;
				LD_RUNPATH_SEARCH_PATHS = (
					"$(inherited)",
					"@executable_path/Frameworks",
				);
				MODULE_NAME = ExampleApp;
				PRODUCT_BUNDLE_IDENTIFIER = "org.cocoapods.demo.$(PRODUCT_NAME:rfc1034identifier)";
				PRODUCT_NAME = "$(TARGET_NAME)";
				SWIFT_SWIFT3_OBJC_INFERENCE = Default;
				SWIFT_VERSION = 5.0;
			};
			name = Debug;
		};
		607FACF11AFB9204008FA782 /* Release */ = {
			isa = XCBuildConfiguration;
			baseConfigurationReference = 81ACF19CD1305242E2E44A64 /* Pods-McccAlarm_Example.release.xcconfig */;
			buildSettings = {
				ASSETCATALOG_COMPILER_APPICON_NAME = AppIcon;
				DEVELOPMENT_TEAM = XJ6YHRS6AW;
				INFOPLIST_FILE = McccAlarm/Info.plist;
				IPHONEOS_DEPLOYMENT_TARGET = 26;
				LD_RUNPATH_SEARCH_PATHS = (
					"$(inherited)",
					"@executable_path/Frameworks",
				);
				MODULE_NAME = ExampleApp;
				PRODUCT_BUNDLE_IDENTIFIER = "org.cocoapods.demo.$(PRODUCT_NAME:rfc1034identifier)";
				PRODUCT_NAME = "$(TARGET_NAME)";
				SWIFT_SWIFT3_OBJC_INFERENCE = Default;
				SWIFT_VERSION = 5.0;
			};
			name = Release;
		};
		607FACF31AFB9204008FA782 /* Debug */ = {
			isa = XCBuildConfiguration;
			baseConfigurationReference = 00D7D7045A958197C74EF144 /* Pods-McccAlarm_Tests.debug.xcconfig */;
			buildSettings = {
				DEVELOPMENT_TEAM = XJ6YHRS6AW;
				FRAMEWORK_SEARCH_PATHS = (
					"$(PLATFORM_DIR)/Developer/Library/Frameworks",
					"$(inherited)",
				);
				GCC_PREPROCESSOR_DEFINITIONS = (
					"DEBUG=1",
					"$(inherited)",
				);
				INFOPLIST_FILE = Tests/Info.plist;
				IPHONEOS_DEPLOYMENT_TARGET = 26;
				LD_RUNPATH_SEARCH_PATHS = (
					"$(inherited)",
					"@executable_path/Frameworks",
					"@loader_path/Frameworks",
				);
				PRODUCT_BUNDLE_IDENTIFIER = "org.cocoapods.$(PRODUCT_NAME:rfc1034identifier)";
				PRODUCT_NAME = "$(TARGET_NAME)";
				SWIFT_SWIFT3_OBJC_INFERENCE = Default;
				SWIFT_VERSION = 4.0;
				TEST_HOST = "$(BUILT_PRODUCTS_DIR)/McccAlarm_Example.app/McccAlarm_Example";
			};
			name = Debug;
		};
		607FACF41AFB9204008FA782 /* Release */ = {
			isa = XCBuildConfiguration;
			baseConfigurationReference = D174FD391BF7CA30B1DB294C /* Pods-McccAlarm_Tests.release.xcconfig */;
			buildSettings = {
				DEVELOPMENT_TEAM = XJ6YHRS6AW;
				FRAMEWORK_SEARCH_PATHS = (
					"$(PLATFORM_DIR)/Developer/Library/Frameworks",
					"$(inherited)",
				);
				INFOPLIST_FILE = Tests/Info.plist;
				IPHONEOS_DEPLOYMENT_TARGET = 26;
				LD_RUNPATH_SEARCH_PATHS = (
					"$(inherited)",
					"@executable_path/Frameworks",
					"@loader_path/Frameworks",
				);
				PRODUCT_BUNDLE_IDENTIFIER = "org.cocoapods.$(PRODUCT_NAME:rfc1034identifier)";
				PRODUCT_NAME = "$(TARGET_NAME)";
				SWIFT_SWIFT3_OBJC_INFERENCE = Default;
				SWIFT_VERSION = 4.0;
				TEST_HOST = "$(BUILT_PRODUCTS_DIR)/McccAlarm_Example.app/McccAlarm_Example";
			};
			name = Release;
		};
		999A30E22EA22BDA002C18FD /* Debug */ = {
			isa = XCBuildConfiguration;
			baseConfigurationReference = 81D9C93D4F884B611193711C /* Pods-McccAlarmActivityExtension.debug.xcconfig */;
			buildSettings = {
				ASSETCATALOG_COMPILER_GENERATE_SWIFT_ASSET_SYMBOL_EXTENSIONS = YES;
				ASSETCATALOG_COMPILER_GLOBAL_ACCENT_COLOR_NAME = AccentColor;
				ASSETCATALOG_COMPILER_WIDGET_BACKGROUND_COLOR_NAME = WidgetBackground;
				CLANG_ANALYZER_NONNULL = YES;
				CLANG_ANALYZER_NUMBER_OBJECT_CONVERSION = YES_AGGRESSIVE;
				CLANG_CXX_LANGUAGE_STANDARD = "gnu++20";
				CLANG_ENABLE_OBJC_WEAK = YES;
				CLANG_WARN_DEPRECATED_OBJC_IMPLEMENTATIONS = YES;
				CLANG_WARN_DOCUMENTATION_COMMENTS = YES;
				CLANG_WARN_OBJC_IMPLICIT_RETAIN_SELF = YES;
				CLANG_WARN_QUOTED_INCLUDE_IN_FRAMEWORK_HEADER = YES;
				CLANG_WARN_UNGUARDED_AVAILABILITY = YES_AGGRESSIVE;
				CODE_SIGN_STYLE = Automatic;
				CURRENT_PROJECT_VERSION = 1;
				DEBUG_INFORMATION_FORMAT = dwarf;
				DEVELOPMENT_TEAM = XJ6YHRS6AW;
				ENABLE_USER_SCRIPT_SANDBOXING = YES;
				GCC_C_LANGUAGE_STANDARD = gnu17;
				GENERATE_INFOPLIST_FILE = YES;
				INFOPLIST_FILE = McccAlarmActivity/Info.plist;
				INFOPLIST_KEY_CFBundleDisplayName = McccAlarmActivity;
				INFOPLIST_KEY_NSHumanReadableCopyright = "Copyright © 2025 CocoaPods. All rights reserved.";
				IPHONEOS_DEPLOYMENT_TARGET = 26.0;
				LD_RUNPATH_SEARCH_PATHS = (
					"$(inherited)",
					"@executable_path/Frameworks",
					"@executable_path/../../Frameworks",
				);
				LOCALIZATION_PREFERS_STRING_CATALOGS = YES;
				MARKETING_VERSION = 1.0;
				MTL_ENABLE_DEBUG_INFO = INCLUDE_SOURCE;
				MTL_FAST_MATH = YES;
				PRODUCT_BUNDLE_IDENTIFIER = "org.cocoapods.demo.McccAlarm-Example.McccAlarmActivity";
				PRODUCT_NAME = "$(TARGET_NAME)";
				SKIP_INSTALL = YES;
				STRING_CATALOG_GENERATE_SYMBOLS = YES;
				SWIFT_ACTIVE_COMPILATION_CONDITIONS = "DEBUG $(inherited)";
				SWIFT_APPROACHABLE_CONCURRENCY = YES;
				SWIFT_EMIT_LOC_STRINGS = YES;
				SWIFT_UPCOMING_FEATURE_MEMBER_IMPORT_VISIBILITY = YES;
				SWIFT_VERSION = 5.0;
				TARGETED_DEVICE_FAMILY = "1,2";
			};
			name = Debug;
		};
		999A30E32EA22BDA002C18FD /* Release */ = {
			isa = XCBuildConfiguration;
			baseConfigurationReference = 9FEC55C946E25DEF0D2BC3E1 /* Pods-McccAlarmActivityExtension.release.xcconfig */;
			buildSettings = {
				ASSETCATALOG_COMPILER_GENERATE_SWIFT_ASSET_SYMBOL_EXTENSIONS = YES;
				ASSETCATALOG_COMPILER_GLOBAL_ACCENT_COLOR_NAME = AccentColor;
				ASSETCATALOG_COMPILER_WIDGET_BACKGROUND_COLOR_NAME = WidgetBackground;
				CLANG_ANALYZER_NONNULL = YES;
				CLANG_ANALYZER_NUMBER_OBJECT_CONVERSION = YES_AGGRESSIVE;
				CLANG_CXX_LANGUAGE_STANDARD = "gnu++20";
				CLANG_ENABLE_OBJC_WEAK = YES;
				CLANG_WARN_DEPRECATED_OBJC_IMPLEMENTATIONS = YES;
				CLANG_WARN_DOCUMENTATION_COMMENTS = YES;
				CLANG_WARN_OBJC_IMPLICIT_RETAIN_SELF = YES;
				CLANG_WARN_QUOTED_INCLUDE_IN_FRAMEWORK_HEADER = YES;
				CLANG_WARN_UNGUARDED_AVAILABILITY = YES_AGGRESSIVE;
				CODE_SIGN_STYLE = Automatic;
				CURRENT_PROJECT_VERSION = 1;
				DEVELOPMENT_TEAM = XJ6YHRS6AW;
				ENABLE_USER_SCRIPT_SANDBOXING = YES;
				GCC_C_LANGUAGE_STANDARD = gnu17;
				GENERATE_INFOPLIST_FILE = YES;
				INFOPLIST_FILE = McccAlarmActivity/Info.plist;
				INFOPLIST_KEY_CFBundleDisplayName = McccAlarmActivity;
				INFOPLIST_KEY_NSHumanReadableCopyright = "Copyright © 2025 CocoaPods. All rights reserved.";
				IPHONEOS_DEPLOYMENT_TARGET = 26.0;
				LD_RUNPATH_SEARCH_PATHS = (
					"$(inherited)",
					"@executable_path/Frameworks",
					"@executable_path/../../Frameworks",
				);
				LOCALIZATION_PREFERS_STRING_CATALOGS = YES;
				MARKETING_VERSION = 1.0;
				MTL_FAST_MATH = YES;
				PRODUCT_BUNDLE_IDENTIFIER = "org.cocoapods.demo.McccAlarm-Example.McccAlarmActivity";
				PRODUCT_NAME = "$(TARGET_NAME)";
				SKIP_INSTALL = YES;
				STRING_CATALOG_GENERATE_SYMBOLS = YES;
				SWIFT_APPROACHABLE_CONCURRENCY = YES;
				SWIFT_EMIT_LOC_STRINGS = YES;
				SWIFT_UPCOMING_FEATURE_MEMBER_IMPORT_VISIBILITY = YES;
				SWIFT_VERSION = 5.0;
				TARGETED_DEVICE_FAMILY = "1,2";
			};
			name = Release;
		};
/* End XCBuildConfiguration section */

/* Begin XCConfigurationList section */
		607FACCB1AFB9204008FA782 /* Build configuration list for PBXProject "McccAlarm" */ = {
			isa = XCConfigurationList;
			buildConfigurations = (
				607FACED1AFB9204008FA782 /* Debug */,
				607FACEE1AFB9204008FA782 /* Release */,
			);
			defaultConfigurationIsVisible = 0;
			defaultConfigurationName = Release;
		};
		607FACEF1AFB9204008FA782 /* Build configuration list for PBXNativeTarget "McccAlarm_Example" */ = {
			isa = XCConfigurationList;
			buildConfigurations = (
				607FACF01AFB9204008FA782 /* Debug */,
				607FACF11AFB9204008FA782 /* Release */,
			);
			defaultConfigurationIsVisible = 0;
			defaultConfigurationName = Release;
		};
		607FACF21AFB9204008FA782 /* Build configuration list for PBXNativeTarget "McccAlarm_Tests" */ = {
			isa = XCConfigurationList;
			buildConfigurations = (
				607FACF31AFB9204008FA782 /* Debug */,
				607FACF41AFB9204008FA782 /* Release */,
			);
			defaultConfigurationIsVisible = 0;
			defaultConfigurationName = Release;
		};
		999A30E52EA22BDA002C18FD /* Build configuration list for PBXNativeTarget "McccAlarmActivityExtension" */ = {
			isa = XCConfigurationList;
			buildConfigurations = (
				999A30E22EA22BDA002C18FD /* Debug */,
				999A30E32EA22BDA002C18FD /* Release */,
			);
			defaultConfigurationIsVisible = 0;
			defaultConfigurationName = Release;
		};
/* End XCConfigurationList section */
	};
	rootObject = 607FACC81AFB9204008FA782 /* Project object */;
}
